
Microsoft Visual Studio Solution File, Format Version 12.00
# Visual Studio Version 16
VisualStudioVersion = 16.0.29411.108
MinimumVisualStudioVersion = 10.0.40219.1
Project("{9A19103F-16F7-4668-BE54-9A1E7A4F7556}") = "MyApp.API", "src\MyApp.API\MyApp.API.csproj", "{2B58CD14-C9AD-4C2F-9F32-35E3A1F3699B}"
EndProject
Project("{2150E333-8FDC-42A3-9474-1A3956D46DE8}") = "src", "src", "{184EF061-2200-4D74-A17E-1BD6B527B043}"
EndProject
Project("{2150E333-8FDC-42A3-9474-1A3956D46DE8}") = "tests", "tests", "{33C70E96-5F28-490D-B6F1-31428A3CE468}"
EndProject
Project("{FAE04EC0-301F-11D3-BF4B-00C04F79EFBC}") = "MyApp.Client", "src\MyApp.Client\MyApp.Client.csproj", "{15F0143C-EE1B-44B5-B302-6C89F1AB716D}"
EndProject
Global
	GlobalSection(SolutionConfigurationPlatforms) = preSolution
		Debug|Any CPU = Debug|Any CPU
		Release|Any CPU = Release|Any CPU
	EndGlobalSection
	GlobalSection(ProjectConfigurationPlatforms) = postSolution
		{2B58CD14-C9AD-4C2F-9F32-35E3A1F3699B}.Debug|Any CPU.ActiveCfg = Debug|Any CPU
		{2B58CD14-C9AD-4C2F-9F32-35E3A1F3699B}.Debug|Any CPU.Build.0 = Debug|Any CPU
		{2B58CD14-C9AD-4C2F-9F32-35E3A1F3699B}.Release|Any CPU.ActiveCfg = Release|Any CPU
		{2B58CD14-C9AD-4C2F-9F32-35E3A1F3699B}.Release|Any CPU.Build.0 = Release|Any CPU
		{15F0143C-EE1B-44B5-B302-6C89F1AB716D}.Debug|Any CPU.ActiveCfg = Debug|Any CPU
		{15F0143C-EE1B-44B5-B302-6C89F1AB716D}.Debug|Any CPU.Build.0 = Debug|Any CPU
		{15F0143C-EE1B-44B5-B302-6C89F1AB716D}.Release|Any CPU.ActiveCfg = Release|Any CPU
		{15F0143C-EE1B-44B5-B302-6C89F1AB716D}.Release|Any CPU.Build.0 = Release|Any CPU
	EndGlobalSection
	GlobalSection(SolutionProperties) = preSolution
		HideSolutionNode = FALSE
	EndGlobalSection
	GlobalSection(NestedProjects) = preSolution
		{2B58CD14-C9AD-4C2F-9F32-35E3A1F3699B} = {184EF061-2200-4D74-A17E-1BD6B527B043}
		{15F0143C-EE1B-44B5-B302-6C89F1AB716D} = {184EF061-2200-4D74-A17E-1BD6B527B043}
	EndGlobalSection
	GlobalSection(ExtensibilityGlobals) = postSolution
		SolutionGuid = {044D8F30-B9D7-4318-A0E1-83A01D13A236}
	EndGlobalSection
EndGlobal
